
Microsoft Visual Studio Solution File, Format Version 12.00
# Visual Studio Version 17
VisualStudioVersion = 17.3.32825.248
MinimumVisualStudioVersion = 10.0.40219.1
Project("{FAE04EC0-301F-11D3-BF4B-00C04F79EFBC}") = "Exchang", "Exchang.csproj", "{5F189D8D-AD55-4337-87C5-DCF9DFD1EDFE}"
EndProject
Global
	GlobalSection(SolutionConfigurationPlatforms) = preSolution
		Debug|Any CPU = Debug|Any CPU
		Release|Any CPU = Release|Any CPU
	EndGlobalSection
	GlobalSection(ProjectConfigurationPlatforms) = postSolution
		{5F189D8D-AD55-4337-87C5-DCF9DFD1EDFE}.Debug|Any CPU.ActiveCfg = Debug|Any CPU
		{5F189D8D-AD55-4337-87C5-DCF9DFD1EDFE}.Debug|Any CPU.Build.0 = Debug|Any CPU
		{5F189D8D-AD55-4337-87C5-DCF9DFD1EDFE}.Release|Any CPU.ActiveCfg = Release|Any CPU
		{5F189D8D-AD55-4337-87C5-DCF9DFD1EDFE}.Release|Any CPU.Build.0 = Release|Any CPU
	EndGlobalSection
	GlobalSection(SolutionProperties) = preSolution
		HideSolutionNode = FALSE
	EndGlobalSection
	GlobalSection(ExtensibilityGlobals) = postSolution
		SolutionGuid = {24441478-C991-42FF-AC34-D5898A4E4173}
	EndGlobalSection
EndGlobal
